// !$*UTF8*$!
{
	archiveVersion = 1;
	classes = {
	};
	objectVersion = 77;
	objects = {

/* Begin PBXBuildFile section */
		86544A8E2EBE946F0083F9CC /* RealityKitContent in Frameworks */ = {isa = PBXBuildFile; productRef = 86544A8D2EBE946F0083F9CC /* RealityKitContent */; };
/* End PBXBuildFile section */

/* Begin PBXContainerItemProxy section */
		8663005D2E9DA49D005F471B /* PBXContainerItemProxy */ = {
			isa = PBXContainerItemProxy;
			containerPortal = 866A3A2E2E8DC16D006D3723 /* Project object */;
			proxyType = 1;
			remoteGlobalIDString = 8663004B2E9DA49C005F471B;
			remoteInfo = "Cumberland IOS";
		};
		866300672E9DA49D005F471B /* PBXContainerItemProxy */ = {
			isa = PBXContainerItemProxy;
			containerPortal = 866A3A2E2E8DC16D006D3723 /* Project object */;
			proxyType = 1;
			remoteGlobalIDString = 8663004B2E9DA49C005F471B;
			remoteInfo = "Cumberland IOS";
		};
		866A3A482E8DC16F006D3723 /* PBXContainerItemProxy */ = {
			isa = PBXContainerItemProxy;
			containerPortal = 866A3A2E2E8DC16D006D3723 /* Project object */;
			proxyType = 1;
			remoteGlobalIDString = 866A3A352E8DC16D006D3723;
			remoteInfo = Cumberland;
		};
		866A3A522E8DC16F006D3723 /* PBXContainerItemProxy */ = {
			isa = PBXContainerItemProxy;
			containerPortal = 866A3A2E2E8DC16D006D3723 /* Project object */;
			proxyType = 1;
			remoteGlobalIDString = 866A3A352E8DC16D006D3723;
			remoteInfo = Cumberland;
		};
/* End PBXContainerItemProxy section */

/* Begin PBXFileReference section */
		8646BE022E99A1CE0056F575 /* RealityKitContent */ = {isa = PBXFileReference; lastKnownFileType = wrapper; path = RealityKitContent; sourceTree = "<group>"; };
		86544A8B2EBE946F0083F9CC /* Cumberland_visionOS.app */ = {isa = PBXFileReference; explicitFileType = wrapper.application; includeInIndex = 0; path = Cumberland_visionOS.app; sourceTree = BUILT_PRODUCTS_DIR; };
		865B61DA2EB5148E009CDEF4 /* TestApp.app */ = {isa = PBXFileReference; explicitFileType = wrapper.application; includeInIndex = 0; path = TestApp.app; sourceTree = BUILT_PRODUCTS_DIR; };
		8663004C2E9DA49C005F471B /* Cumberland IOS.app */ = {isa = PBXFileReference; explicitFileType = wrapper.application; includeInIndex = 0; path = "Cumberland IOS.app"; sourceTree = BUILT_PRODUCTS_DIR; };
		8663005C2E9DA49D005F471B /* Cumberland IOSTests.xctest */ = {isa = PBXFileReference; explicitFileType = wrapper.cfbundle; includeInIndex = 0; path = "Cumberland IOSTests.xctest"; sourceTree = BUILT_PRODUCTS_DIR; };
		866300662E9DA49D005F471B /* Cumberland IOSUITests.xctest */ = {isa = PBXFileReference; explicitFileType = wrapper.cfbundle; includeInIndex = 0; path = "Cumberland IOSUITests.xctest"; sourceTree = BUILT_PRODUCTS_DIR; };
		866A3A362E8DC16D006D3723 /* Cumberland.app */ = {isa = PBXFileReference; explicitFileType = wrapper.application; includeInIndex = 0; path = Cumberland.app; sourceTree = BUILT_PRODUCTS_DIR; };
		866A3A472E8DC16F006D3723 /* CumberlandTests.xctest */ = {isa = PBXFileReference; explicitFileType = wrapper.cfbundle; includeInIndex = 0; path = CumberlandTests.xctest; sourceTree = BUILT_PRODUCTS_DIR; };
		866A3A512E8DC16F006D3723 /* CumberlandUITests.xctest */ = {isa = PBXFileReference; explicitFileType = wrapper.cfbundle; includeInIndex = 0; path = CumberlandUITests.xctest; sourceTree = BUILT_PRODUCTS_DIR; };
/* End PBXFileReference section */

/* Begin PBXFileSystemSynchronizedBuildFileExceptionSet section */
		86544A9A2EBE94710083F9CC /* Exceptions for "Cumberland_visionOS" folder in "Cumberland_visionOS" target */ = {
			isa = PBXFileSystemSynchronizedBuildFileExceptionSet;
			membershipExceptions = (
				Assets.xcassets,
				Info.plist,
			);
			target = 86544A8A2EBE946F0083F9CC /* Cumberland_visionOS */;
		};
		86544AA52EBE99D00083F9CC /* Exceptions for "Cumberland" folder in "Cumberland_visionOS" target */ = {
			isa = PBXFileSystemSynchronizedBuildFileExceptionSet;
			membershipExceptions = (
				AboutView.swift,
				AggregateTextView.swift,
				AppModel.swift,
				Assets.xcassets,
				BackgroundDownloadHandler.swift,
				BackupDTOs.swift,
				CanvasLayer.swift,
				CanvasLayerTransform.swift,
				CardDetailTab.swift,
				CardDropTargetExample.swift,
				CardEditorView.swift,
				CardEditorWindowView.swift,
				CardRelationshipView.swift,
				CardSheetView.swift,
				CardView.swift,
				CardViewer.swift,
				Citation/CitationEditor.swift,
				Citation/CitationViewer.swift,
				Citation/ImageAttributionEditor.swift,
				Citation/ImageAttributionViewer.swift,
				ContentPlaceholderView.swift,
				ContentView.swift,
				CumberlandApp.swift,
				"Diagnostic Views/CardDiagnosticsView.swift",
				"Diagnostic Views/DeveloperBoardsView.swift",
				"Diagnostic Views/DeveloperToolsView.swift",
				"Diagnostic Views/RecentEdgesDiagnosticsView.swift",
				"Diagnostic Views/RelationTypesDiagnosticsView.swift",
				"Diagnostic Views/StoryStructureDiagnosticsView.swift",
				DrawCanvas/BaseLayerButton.swift,
				DrawCanvas/BaseLayerFill.swift,
				DrawCanvas/BaseLayerPatterns.swift,
				DrawCanvas/BrushEngine.swift,
				"DrawCanvas/BrushEngine+macOS.swift",
				"DrawCanvas/BrushEngine+Patterns.swift",
				"DrawCanvas/BrushEngine+PencilKit.swift",
				DrawCanvas/BrushEngineDemo.swift,
				DrawCanvas/BrushRegistry.swift,
				DrawCanvas/BrushSet.swift,
				DrawCanvas/DrawingCanvasIntegration.swift,
				DrawCanvas/DrawingCanvasView.swift,
				DrawCanvas/DrawingCanvasViewMacOS.swift,
				DrawCanvas/DrawingLayer.swift,
				DrawCanvas/ElevationMap.swift,
				DrawCanvas/ExteriorMapBrushSet.swift,
				DrawCanvas/FloatingToolPalette.swift,
				DrawCanvas/InspectorTabView.swift,
				DrawCanvas/InteriorMapBrushSet.swift,
				DrawCanvas/LayerManager.swift,
				DrawCanvas/LayersTabView.swift,
				DrawCanvas/MapBrush.swift,
				DrawCanvas/ProceduralPatternGenerator.swift,
				DrawCanvas/TerrainMapMetadata.swift,
				DrawCanvas/TerrainPattern.swift,
				DrawCanvas/ToolPaletteState.swift,
				DrawCanvas/ToolsTabView.swift,
				FocusFullScreen.swift,
				FocusOverlayPresenter.swift,
				GlassDropZone.swift,
				GlassEffects.swift,
				GlassKit.swift,
				GlassSurfaceStyle.swift,
				GlassToolbarStyle.swift,
				Images/FullSizeImageViewer.swift,
				Images/ImageMetadataExtractor.swift,
				Images/ImageStore.swift,
				Images/QuickAttributionSheet.swift,
				MainAppView.swift,
				ManuscriptAssembler.swift,
				MapWizardView.swift,
				Model/AppSettings.swift,
				Model/Board.swift,
				Model/Card.swift,
				Model/CardEdge.swift,
				Model/Citation.swift,
				Model/CitationKind.swift,
				Model/Kinds.swift,
				Model/Migrations.swift,
				Model/RelationType.swift,
				Model/Source.swift,
				Model/StoryStructure.swift,
				MultiGestureHandler.swift,
				Murderboard/BacklogSidebarPanel.swift,
				Murderboard/EdgesLayer.swift,
				Murderboard/MurderBoardNodesLayer.swift,
				Murderboard/MurderBoardNodeView.swift,
				Murderboard/MurderBoardView.swift,
				Murderboard/RelatedEdgesList.swift,
				RealityKit/ImmersiveView.swift,
				RealityKit/ToggleImmersiveSpaceButton.swift,
				ReassignRelationTypeSheet.swift,
				RelationTypeFormView.swift,
				RelationTypesManagerView.swift,
				RepairUtilities.swift,
				SceneProjectRelationDiagnosticsView.swift,
				Search/NavigationCoordinator.swift,
				Search/SearchEngine.swift,
				Search/SearchOverlay.swift,
				Search/SearchRouter.swift,
				Selection/CardSelectionRouter.swift,
				Selection/ProjectSelectionRouter.swift,
				SettingsView.swift,
				SidebarPanel.swift,
				SourcesView.swift,
				StoryStructureView.swift,
				StructureBoardView.swift,
				Swimlane.swift,
				SwimlaneViewer.swift,
				TimelineChartView.swift,
				visionOS/OrnamentViews.swift,
			);
			target = 86544A8A2EBE946F0083F9CC /* Cumberland_visionOS */;
		};
		865B61E62EB514CD009CDEF4 /* Exceptions for "Cumberland" folder in "TestApp" target */ = {
			isa = PBXFileSystemSynchronizedBuildFileExceptionSet;
			membershipExceptions = (
				MultiGestureHandler.swift,
			);
			target = 865B61D92EB5148E009CDEF4 /* TestApp */;
		};
		866300742E9DA49D005F471B /* Exceptions for "Cumberland IOS" folder in "Cumberland IOS" target */ = {
			isa = PBXFileSystemSynchronizedBuildFileExceptionSet;
			membershipExceptions = (
				Assets.xcassets,
				Info.plist,
			);
			target = 8663004B2E9DA49C005F471B /* Cumberland IOS */;
		};
		866300952E9DA638005F471B /* Exceptions for "Cumberland" folder in "Cumberland IOS" target */ = {
			isa = PBXFileSystemSynchronizedBuildFileExceptionSet;
			membershipExceptions = (
				AboutView.swift,
				AggregateTextView.swift,
				AppModel.swift,
				Assets.xcassets,
				BackgroundDownloadHandler.swift,
				BackupDTOs.swift,
				CanvasLayer.swift,
				CanvasLayerTransform.swift,
				CardDetailTab.swift,
				CardDropTargetExample.swift,
				CardEditorView.swift,
				CardEditorWindowView.swift,
				CardRelationshipView.swift,
				CardSheetView.swift,
				CardView.swift,
				CardViewer.swift,
				Citation/CitationEditor.swift,
				Citation/CitationViewer.swift,
				Citation/ImageAttributionEditor.swift,
				Citation/ImageAttributionViewer.swift,
				ContentPlaceholderView.swift,
				ContentView.swift,
				CumberlandApp.swift,
				"Diagnostic Views/CardDiagnosticsView.swift",
				"Diagnostic Views/DeveloperBoardsView.swift",
				"Diagnostic Views/DeveloperToolsView.swift",
				"Diagnostic Views/RecentEdgesDiagnosticsView.swift",
				"Diagnostic Views/RelationTypesDiagnosticsView.swift",
				"Diagnostic Views/StoryStructureDiagnosticsView.swift",
				DrawCanvas/BaseLayerButton.swift,
				DrawCanvas/BaseLayerFill.swift,
				DrawCanvas/BaseLayerPatterns.swift,
				DrawCanvas/BrushEngine.swift,
				"DrawCanvas/BrushEngine+macOS.swift",
				"DrawCanvas/BrushEngine+Patterns.swift",
				"DrawCanvas/BrushEngine+PencilKit.swift",
				DrawCanvas/BrushEngineDemo.swift,
				DrawCanvas/BrushRegistry.swift,
				DrawCanvas/BrushSet.swift,
				DrawCanvas/DrawingCanvasIntegration.swift,
				DrawCanvas/DrawingCanvasView.swift,
				DrawCanvas/DrawingCanvasViewMacOS.swift,
				DrawCanvas/DrawingLayer.swift,
				DrawCanvas/ElevationMap.swift,
				DrawCanvas/ExteriorMapBrushSet.swift,
				DrawCanvas/FloatingToolPalette.swift,
				DrawCanvas/InspectorTabView.swift,
				DrawCanvas/InteriorMapBrushSet.swift,
				DrawCanvas/LayerManager.swift,
				DrawCanvas/LayersTabView.swift,
				DrawCanvas/MapBrush.swift,
				DrawCanvas/ProceduralPatternGenerator.swift,
				DrawCanvas/TerrainMapMetadata.swift,
				DrawCanvas/TerrainPattern.swift,
				DrawCanvas/ToolPaletteState.swift,
				DrawCanvas/ToolsTabView.swift,
				FocusFullScreen.swift,
				FocusOverlayPresenter.swift,
				GlassDropZone.swift,
				GlassEffects.swift,
				GlassKit.swift,
				GlassSurfaceStyle.swift,
				GlassToolbarStyle.swift,
				Images/FullSizeImageViewer.swift,
				Images/ImageMetadataExtractor.swift,
				Images/ImageStore.swift,
				Images/QuickAttributionSheet.swift,
				MainAppView.swift,
				ManuscriptAssembler.swift,
				MapWizardView.swift,
				Model/AppSettings.swift,
				Model/Board.swift,
				Model/Card.swift,
				Model/CardEdge.swift,
				Model/Citation.swift,
				Model/CitationKind.swift,
				Model/Kinds.swift,
				Model/Migrations.swift,
				Model/RelationType.swift,
				Model/Source.swift,
				Model/StoryStructure.swift,
				MultiGestureHandler.swift,
				Murderboard/BacklogSidebarPanel.swift,
				Murderboard/EdgesLayer.swift,
				Murderboard/MurderBoardNodesLayer.swift,
				Murderboard/MurderBoardNodeView.swift,
				Murderboard/MurderBoardView.swift,
				Murderboard/RelatedEdgesList.swift,
				ReassignRelationTypeSheet.swift,
				RelationTypeFormView.swift,
				RelationTypesManagerView.swift,
				RepairUtilities.swift,
				SceneProjectRelationDiagnosticsView.swift,
				Search/NavigationCoordinator.swift,
				Search/SearchEngine.swift,
				Search/SearchOverlay.swift,
				Search/SearchRouter.swift,
				Selection/CardSelectionRouter.swift,
				Selection/ProjectSelectionRouter.swift,
				SettingsView.swift,
				SidebarPanel.swift,
				SourcesView.swift,
				StoryStructureView.swift,
				StructureBoardView.swift,
				Swimlane.swift,
				SwimlaneViewer.swift,
				TimelineChartView.swift,
			);
			target = 8663004B2E9DA49C005F471B /* Cumberland IOS */;
		};
		866A3A592E8DC16F006D3723 /* Exceptions for "Cumberland" folder in "Cumberland" target */ = {
			isa = PBXFileSystemSynchronizedBuildFileExceptionSet;
			membershipExceptions = (
				Archive.zip,
				Documentation/CLOUDKIT_SYNC_FIX.md,
				Documentation/DragDropIntegrationSolutions.md,
				Documentation/FULL_SIZE_IMAGE_GESTURE_GUIDE.md,
				Documentation/FULL_SIZE_IMAGE_IMPLEMENTATION.md,
				"Documentation/Implementation-Status.md",
				"Documentation/macOS-Drawing-Implementation-Guide.md",
				Documentation/MAP_DRAFT_PERSISTENCE.md,
				"Documentation/MapWizard-DraftPersistence-Enhancement.md",
				"Documentation/MapWizard-DraftPersistence-Fixes-v2.md",
				"Documentation/MapWizard-DraftPersistence-Fixes.md",
				Documentation/MapWizardViewSpec.md,
				"Documentation/MultiGestureHandler IMPLEMENTATION_SUMMARY.md",
				"Documentation/Phase1.5-Attribution-Implementation.md",
				"Documentation/Phase1.5-AutomaticCitationCreation.md",
				"Documentation/Phase1.5-DragDrop-Metadata-Summary.md",
				"Documentation/Phase1.5-QuickStart.md",
				"Documentation/Phase1.5-TestingChecklist.md",
				"Documentation/Phase1.5-Visual-Reference.md",
				"Documentation/PHASE2-COMPLETE.md",
				"Documentation/Phase2-Consolidation-Summary.md",
				"Documentation/Phase3-Architecture-Diagram.md",
				"Documentation/PHASE3-COMPLETE.md",
				"Documentation/Phase3-MapKit-Integration-Summary.md",
				"Documentation/Phase3-QuickStart.md",
				"Documentation/Phase3-TestingChecklist.md",
				"Documentation/Phase4-Architecture-Diagram.md",
				"Documentation/Phase4-DrawingCanvas-Summary.md",
				Documentation/REFRESH_IMPLEMENTATION.md,
				"Documentation/Universal-Attribution-Expansion.md",
				"Documentation/visionOS-Adaptation-Plan.md",
				"Documentation/visionOS-Ornament-Layout-Reference.md",
				"Documentation/visionOS-Phase1-Summary.md",
				"Documentation/visionOS-Phase1-Testing-Checklist.md",
				"Documentation/visionOS-Phase2-Summary.md",
				"Documentation/visionOS-Phase2-Testing.md",
				"Documentation/visionOS-Phase4-Implementation-Summary.md",
				"Documentation/visionOS-Phase4-Testing-Guide.md",
				"Documentation/visionOS-Phase4-Visual-Reference.md",
				"Documentation/visionOS-Quick-Testing-Guide.md",
				"DR-Reports/DR-0001-0002-0003-Unified-Fix.md",
				"DR-Reports/DR-0001-Development-Plan.md",
				"DR-Reports/DR-0001-Fix-Attempt-3.md",
				"DR-Reports/DR-Documentation-BACKUP.md",
				"DR-Reports/DR-Documentation.md",
				"DR-Reports/DR-GUIDELINES.md",
				"DR-Reports/DR-unverified.md",
				"DR-Reports/DR-verified-0001-0010.md",
				"DrawCanvas/Guides/BRUSH-ENGINE-DOCUMENTATION-INDEX.md",
				"DrawCanvas/Guides/BRUSH-ENGINE-QUICK-REFERENCE.md",
				"DrawCanvas/Guides/BRUSH-SYSTEM-ARCHITECTURE.md",
				"DrawCanvas/Guides/BRUSH-SYSTEM-CHECKLIST.md",
				"DrawCanvas/Guides/BRUSH-SYSTEM-IMPLEMENTATION-PLAN.md",
				"DrawCanvas/Guides/BRUSH-SYSTEM-QUICK-START.md",
				"DrawCanvas/Guides/EXTERIOR-BRUSH-CODE-EXAMPLES.md",
				"DrawCanvas/Guides/EXTERIOR-BRUSH-INDEX.md",
				"DrawCanvas/Guides/EXTERIOR-BRUSH-QUICK-REFERENCE.md",
				"DrawCanvas/Guides/EXTERIOR-BRUSH-VISUAL-REFERENCE.md",
				"DrawCanvas/Guides/macOS-Drawing-Implementation-Guide.md",
				DrawCanvas/Guides/MAP_DRAFT_PNG_PERSISTENCE_ENHANCEMENT.md,
				DrawCanvas/Guides/MAP_DRAWING_PERSISTENCE_QUICK_REFERENCE.md,
				"DrawCanvas/Guides/PHASE-3-1-IMPLEMENTATION-COMPLETE.md",
				"DrawCanvas/Guides/PHASE-3-1-STATUS.md",
				"DrawCanvas/Guides/PHASE-3-1-SUMMARY.md",
				"DrawCanvas/Guides/PHASE1-ARCHITECTURE.md",
				"DrawCanvas/Guides/PHASE1-COMPLETE.md",
				"DrawCanvas/Guides/PHASE1-SUMMARY.md",
				"DrawCanvas/Guides/PHASE2-1-COMPLETE.md",
				"DrawCanvas/Guides/PHASE2-1-EDGE-BRUSH-UPDATE.md",
				"DrawCanvas/Guides/PHASE2-1-SUMMARY.md",
				Images/FULL_SIZE_IMAGE_GESTURE_GUIDE.md,
				Images/FULL_SIZE_IMAGE_IMPLEMENTATION.md,
				"Images/Phase1.5-Attribution-Implementation.md",
				"Images/Phase1.5-AutomaticCitationCreation.md",
				"Images/Phase1.5-DragDrop-Metadata-Summary.md",
				Info.plist,
				Murderboard/MurderBoardViewSpec.md,
				Murderboard/MurderBoardViewTest.md,
				RealityKit/ImmersiveView.swift,
				RealityKit/ToggleImmersiveSpaceButton.swift,
				visionOS/OrnamentViews.swift,
				"visionOS/visionOS-Adaptation-Plan.md",
				"visionOS/visionOS-Ornament-Layout-Reference.md",
				"visionOS/visionOS-Phase1-Summary.md",
				"visionOS/visionOS-Phase1-Testing-Checklist.md",
				"visionOS/visionOS-Phase2-Summary.md",
				"visionOS/visionOS-Phase2-Testing.md",
				"visionOS/visionOS-Phase4-Implementation-Summary.md",
				"visionOS/visionOS-Phase4-Testing-Guide.md",
				"visionOS/visionOS-Phase4-Visual-Reference.md",
				"visionOS/visionOS-Quick-Testing-Guide.md",
			);
			target = 866A3A352E8DC16D006D3723 /* Cumberland */;
		};
		86A31FBB2EB69052001DB8A0 /* Exceptions for "TestApp" folder in "TestApp" target */ = {
			isa = PBXFileSystemSynchronizedBuildFileExceptionSet;
			membershipExceptions = (
				Info.plist,
				"MultiGestureTestView README.md",
			);
			target = 865B61D92EB5148E009CDEF4 /* TestApp */;
		};
/* End PBXFileSystemSynchronizedBuildFileExceptionSet section */

/* Begin PBXFileSystemSynchronizedRootGroup section */
		8646BE152E99A1D00056F575 /* CumberlandTests */ = {
			isa = PBXFileSystemSynchronizedRootGroup;
			path = CumberlandTests;
			sourceTree = "<group>";
		};
		86544A8C2EBE946F0083F9CC /* Cumberland_visionOS */ = {
			isa = PBXFileSystemSynchronizedRootGroup;
			exceptions = (
				86544A9A2EBE94710083F9CC /* Exceptions for "Cumberland_visionOS" folder in "Cumberland_visionOS" target */,
			);
			path = Cumberland_visionOS;
			sourceTree = "<group>";
		};
		865B61DB2EB5148E009CDEF4 /* TestApp */ = {
			isa = PBXFileSystemSynchronizedRootGroup;
			exceptions = (
				86A31FBB2EB69052001DB8A0 /* Exceptions for "TestApp" folder in "TestApp" target */,
			);
			path = TestApp;
			sourceTree = "<group>";
		};
		8663004D2E9DA49C005F471B /* Cumberland IOS */ = {
			isa = PBXFileSystemSynchronizedRootGroup;
			exceptions = (
				866300742E9DA49D005F471B /* Exceptions for "Cumberland IOS" folder in "Cumberland IOS" target */,
			);
			path = "Cumberland IOS";
			sourceTree = "<group>";
		};
		8663005F2E9DA49D005F471B /* Cumberland IOSTests */ = {
			isa = PBXFileSystemSynchronizedRootGroup;
			path = "Cumberland IOSTests";
			sourceTree = "<group>";
		};
		866300692E9DA49D005F471B /* Cumberland IOSUITests */ = {
			isa = PBXFileSystemSynchronizedRootGroup;
			path = "Cumberland IOSUITests";
			sourceTree = "<group>";
		};
		866A3A382E8DC16D006D3723 /* Cumberland */ = {
			isa = PBXFileSystemSynchronizedRootGroup;
			exceptions = (
				866A3A592E8DC16F006D3723 /* Exceptions for "Cumberland" folder in "Cumberland" target */,
				866300952E9DA638005F471B /* Exceptions for "Cumberland" folder in "Cumberland IOS" target */,
				86544AA52EBE99D00083F9CC /* Exceptions for "Cumberland" folder in "Cumberland_visionOS" target */,
				865B61E62EB514CD009CDEF4 /* Exceptions for "Cumberland" folder in "TestApp" target */,
			);
			path = Cumberland;
			sourceTree = "<group>";
		};
		866A3A4A2E8DC16F006D3723 /* CumberlandTests */ = {
			isa = PBXFileSystemSynchronizedRootGroup;
			path = CumberlandTests;
			sourceTree = "<group>";
		};
		866A3A542E8DC16F006D3723 /* CumberlandUITests */ = {
			isa = PBXFileSystemSynchronizedRootGroup;
			path = CumberlandUITests;
			sourceTree = "<group>";
		};
/* End PBXFileSystemSynchronizedRootGroup section */

/* Begin PBXFrameworksBuildPhase section */
		86544A882EBE946F0083F9CC /* Frameworks */ = {
			isa = PBXFrameworksBuildPhase;
			buildActionMask = 2147483647;
			files = (
				86544A8E2EBE946F0083F9CC /* RealityKitContent in Frameworks */,
			);
			runOnlyForDeploymentPostprocessing = 0;
		};
		865B61D72EB5148E009CDEF4 /* Frameworks */ = {
			isa = PBXFrameworksBuildPhase;
			buildActionMask = 2147483647;
			files = (
			);
			runOnlyForDeploymentPostprocessing = 0;
		};
		866300492E9DA49C005F471B /* Frameworks */ = {
			isa = PBXFrameworksBuildPhase;
			buildActionMask = 2147483647;
			files = (
			);
			runOnlyForDeploymentPostprocessing = 0;
		};
		866300592E9DA49D005F471B /* Frameworks */ = {
			isa = PBXFrameworksBuildPhase;
			buildActionMask = 2147483647;
			files = (
			);
			runOnlyForDeploymentPostprocessing = 0;
		};
		866300632E9DA49D005F471B /* Frameworks */ = {
			isa = PBXFrameworksBuildPhase;
			buildActionMask = 2147483647;
			files = (
			);
			runOnlyForDeploymentPostprocessing = 0;
		};
		866A3A332E8DC16D006D3723 /* Frameworks */ = {
			isa = PBXFrameworksBuildPhase;
			buildActionMask = 2147483647;
			files = (
			);
			runOnlyForDeploymentPostprocessing = 0;
		};
		866A3A442E8DC16F006D3723 /* Frameworks */ = {
			isa = PBXFrameworksBuildPhase;
			buildActionMask = 2147483647;
			files = (
			);
			runOnlyForDeploymentPostprocessing = 0;
		};
		866A3A4E2E8DC16F006D3723 /* Frameworks */ = {
			isa = PBXFrameworksBuildPhase;
			buildActionMask = 2147483647;
			files = (
			);
			runOnlyForDeploymentPostprocessing = 0;
		};
/* End PBXFrameworksBuildPhase section */

/* Begin PBXGroup section */
		8646BE012E99A1CE0056F575 /* Packages */ = {
			isa = PBXGroup;
			children = (
				8646BE022E99A1CE0056F575 /* RealityKitContent */,
			);
			path = Packages;
			sourceTree = "<group>";
		};
		866A3A2D2E8DC16D006D3723 = {
			isa = PBXGroup;
			children = (
				866A3A382E8DC16D006D3723 /* Cumberland */,
				866A3A4A2E8DC16F006D3723 /* CumberlandTests */,
				866A3A542E8DC16F006D3723 /* CumberlandUITests */,
				8646BE152E99A1D00056F575 /* CumberlandTests */,
				8663004D2E9DA49C005F471B /* Cumberland IOS */,
				8663005F2E9DA49D005F471B /* Cumberland IOSTests */,
				866300692E9DA49D005F471B /* Cumberland IOSUITests */,
				865B61DB2EB5148E009CDEF4 /* TestApp */,
				86544A8C2EBE946F0083F9CC /* Cumberland_visionOS */,
				866A3A372E8DC16D006D3723 /* Products */,
				8646BE012E99A1CE0056F575 /* Packages */,
			);
			sourceTree = "<group>";
		};
		866A3A372E8DC16D006D3723 /* Products */ = {
			isa = PBXGroup;
			children = (
				866A3A362E8DC16D006D3723 /* Cumberland.app */,
				866A3A472E8DC16F006D3723 /* CumberlandTests.xctest */,
				866A3A512E8DC16F006D3723 /* CumberlandUITests.xctest */,
				8663004C2E9DA49C005F471B /* Cumberland IOS.app */,
				8663005C2E9DA49D005F471B /* Cumberland IOSTests.xctest */,
				866300662E9DA49D005F471B /* Cumberland IOSUITests.xctest */,
				865B61DA2EB5148E009CDEF4 /* TestApp.app */,
				86544A8B2EBE946F0083F9CC /* Cumberland_visionOS.app */,
			);
			name = Products;
			sourceTree = "<group>";
		};
/* End PBXGroup section */

/* Begin PBXNativeTarget section */
		86544A8A2EBE946F0083F9CC /* Cumberland_visionOS */ = {
			isa = PBXNativeTarget;
			buildConfigurationList = 86544A9B2EBE94710083F9CC /* Build configuration list for PBXNativeTarget "Cumberland_visionOS" */;
			buildPhases = (
				86544A872EBE946F0083F9CC /* Sources */,
				86544A882EBE946F0083F9CC /* Frameworks */,
				86544A892EBE946F0083F9CC /* Resources */,
			);
			buildRules = (
			);
			dependencies = (
			);
			fileSystemSynchronizedGroups = (
				86544A8C2EBE946F0083F9CC /* Cumberland_visionOS */,
			);
			name = Cumberland_visionOS;
			packageProductDependencies = (
				86544A8D2EBE946F0083F9CC /* RealityKitContent */,
			);
			productName = Cumberland_visionOS;
			productReference = 86544A8B2EBE946F0083F9CC /* Cumberland_visionOS.app */;
			productType = "com.apple.product-type.application";
		};
		865B61D92EB5148E009CDEF4 /* TestApp */ = {
			isa = PBXNativeTarget;
			buildConfigurationList = 865B61E22EB51490009CDEF4 /* Build configuration list for PBXNativeTarget "TestApp" */;
			buildPhases = (
				865B61D62EB5148E009CDEF4 /* Sources */,
				865B61D72EB5148E009CDEF4 /* Frameworks */,
				865B61D82EB5148E009CDEF4 /* Resources */,
			);
			buildRules = (
			);
			dependencies = (
			);
			fileSystemSynchronizedGroups = (
				865B61DB2EB5148E009CDEF4 /* TestApp */,
			);
			name = TestApp;
			packageProductDependencies = (
			);
			productName = TestApp;
			productReference = 865B61DA2EB5148E009CDEF4 /* TestApp.app */;
			productType = "com.apple.product-type.application";
		};
		8663004B2E9DA49C005F471B /* Cumberland IOS */ = {
			isa = PBXNativeTarget;
			buildConfigurationList = 866300752E9DA49D005F471B /* Build configuration list for PBXNativeTarget "Cumberland IOS" */;
			buildPhases = (
				866300482E9DA49C005F471B /* Sources */,
				866300492E9DA49C005F471B /* Frameworks */,
				8663004A2E9DA49C005F471B /* Resources */,
			);
			buildRules = (
			);
			dependencies = (
			);
			fileSystemSynchronizedGroups = (
				8663004D2E9DA49C005F471B /* Cumberland IOS */,
			);
			name = "Cumberland IOS";
			packageProductDependencies = (
			);
			productName = "Cumberland IOS";
			productReference = 8663004C2E9DA49C005F471B /* Cumberland IOS.app */;
			productType = "com.apple.product-type.application";
		};
		8663005B2E9DA49D005F471B /* Cumberland IOSTests */ = {
			isa = PBXNativeTarget;
			buildConfigurationList = 866300762E9DA49D005F471B /* Build configuration list for PBXNativeTarget "Cumberland IOSTests" */;
			buildPhases = (
				866300582E9DA49D005F471B /* Sources */,
				866300592E9DA49D005F471B /* Frameworks */,
				8663005A2E9DA49D005F471B /* Resources */,
			);
			buildRules = (
			);
			dependencies = (
				8663005E2E9DA49D005F471B /* PBXTargetDependency */,
			);
			fileSystemSynchronizedGroups = (
				8663005F2E9DA49D005F471B /* Cumberland IOSTests */,
			);
			name = "Cumberland IOSTests";
			packageProductDependencies = (
			);
			productName = "Cumberland IOSTests";
			productReference = 8663005C2E9DA49D005F471B /* Cumberland IOSTests.xctest */;
			productType = "com.apple.product-type.bundle.unit-test";
		};
		866300652E9DA49D005F471B /* Cumberland IOSUITests */ = {
			isa = PBXNativeTarget;
			buildConfigurationList = 866300772E9DA49D005F471B /* Build configuration list for PBXNativeTarget "Cumberland IOSUITests" */;
			buildPhases = (
				866300622E9DA49D005F471B /* Sources */,
				866300632E9DA49D005F471B /* Frameworks */,
				866300642E9DA49D005F471B /* Resources */,
			);
			buildRules = (
			);
			dependencies = (
				866300682E9DA49D005F471B /* PBXTargetDependency */,
			);
			fileSystemSynchronizedGroups = (
				866300692E9DA49D005F471B /* Cumberland IOSUITests */,
			);
			name = "Cumberland IOSUITests";
			packageProductDependencies = (
			);
			productName = "Cumberland IOSUITests";
			productReference = 866300662E9DA49D005F471B /* Cumberland IOSUITests.xctest */;
			productType = "com.apple.product-type.bundle.ui-testing";
		};
		866A3A352E8DC16D006D3723 /* Cumberland */ = {
			isa = PBXNativeTarget;
			buildConfigurationList = 866A3A5A2E8DC16F006D3723 /* Build configuration list for PBXNativeTarget "Cumberland" */;
			buildPhases = (
				866A3A322E8DC16D006D3723 /* Sources */,
				866A3A332E8DC16D006D3723 /* Frameworks */,
				866A3A342E8DC16D006D3723 /* Resources */,
			);
			buildRules = (
			);
			dependencies = (
			);
			fileSystemSynchronizedGroups = (
				866A3A382E8DC16D006D3723 /* Cumberland */,
			);
			name = Cumberland;
			packageProductDependencies = (
			);
			productName = Cumberland;
			productReference = 866A3A362E8DC16D006D3723 /* Cumberland.app */;
			productType = "com.apple.product-type.application";
		};
		866A3A462E8DC16F006D3723 /* CumberlandTests */ = {
			isa = PBXNativeTarget;
			buildConfigurationList = 866A3A5F2E8DC16F006D3723 /* Build configuration list for PBXNativeTarget "CumberlandTests" */;
			buildPhases = (
				866A3A432E8DC16F006D3723 /* Sources */,
				866A3A442E8DC16F006D3723 /* Frameworks */,
				866A3A452E8DC16F006D3723 /* Resources */,
			);
			buildRules = (
			);
			dependencies = (
				866A3A492E8DC16F006D3723 /* PBXTargetDependency */,
			);
			fileSystemSynchronizedGroups = (
				866A3A4A2E8DC16F006D3723 /* CumberlandTests */,
			);
			name = CumberlandTests;
			packageProductDependencies = (
			);
			productName = CumberlandTests;
			productReference = 866A3A472E8DC16F006D3723 /* CumberlandTests.xctest */;
			productType = "com.apple.product-type.bundle.unit-test";
		};
		866A3A502E8DC16F006D3723 /* CumberlandUITests */ = {
			isa = PBXNativeTarget;
			buildConfigurationList = 866A3A622E8DC16F006D3723 /* Build configuration list for PBXNativeTarget "CumberlandUITests" */;
			buildPhases = (
				866A3A4D2E8DC16F006D3723 /* Sources */,
				866A3A4E2E8DC16F006D3723 /* Frameworks */,
				866A3A4F2E8DC16F006D3723 /* Resources */,
			);
			buildRules = (
			);
			dependencies = (
				866A3A532E8DC16F006D3723 /* PBXTargetDependency */,
			);
			fileSystemSynchronizedGroups = (
				866A3A542E8DC16F006D3723 /* CumberlandUITests */,
			);
			name = CumberlandUITests;
			packageProductDependencies = (
			);
			productName = CumberlandUITests;
			productReference = 866A3A512E8DC16F006D3723 /* CumberlandUITests.xctest */;
			productType = "com.apple.product-type.bundle.ui-testing";
		};
/* End PBXNativeTarget section */

/* Begin PBXProject section */
		866A3A2E2E8DC16D006D3723 /* Project object */ = {
			isa = PBXProject;
			attributes = {
				BuildIndependentTargetsInParallel = 1;
				LastSwiftUpdateCheck = 2600;
				LastUpgradeCheck = 2610;
				TargetAttributes = {
					86544A8A2EBE946F0083F9CC = {
						CreatedOnToolsVersion = 26.0;
					};
					865B61D92EB5148E009CDEF4 = {
						CreatedOnToolsVersion = 26.0;
					};
					8663004B2E9DA49C005F471B = {
						CreatedOnToolsVersion = 26.0;
					};
					8663005B2E9DA49D005F471B = {
						CreatedOnToolsVersion = 26.0;
						TestTargetID = 8663004B2E9DA49C005F471B;
					};
					866300652E9DA49D005F471B = {
						CreatedOnToolsVersion = 26.0;
						TestTargetID = 8663004B2E9DA49C005F471B;
					};
					866A3A352E8DC16D006D3723 = {
						CreatedOnToolsVersion = 26.0;
					};
					866A3A462E8DC16F006D3723 = {
						CreatedOnToolsVersion = 26.0;
						TestTargetID = 866A3A352E8DC16D006D3723;
					};
					866A3A502E8DC16F006D3723 = {
						CreatedOnToolsVersion = 26.0;
						TestTargetID = 866A3A352E8DC16D006D3723;
					};
				};
			};
			buildConfigurationList = 866A3A312E8DC16D006D3723 /* Build configuration list for PBXProject "Cumberland" */;
			developmentRegion = en;
			hasScannedForEncodings = 0;
			knownRegions = (
				en,
				Base,
			);
			mainGroup = 866A3A2D2E8DC16D006D3723;
			minimizedProjectReferenceProxies = 1;
			preferredProjectObjectVersion = 77;
			productRefGroup = 866A3A372E8DC16D006D3723 /* Products */;
			projectDirPath = "";
			projectRoot = "";
			targets = (
				866A3A352E8DC16D006D3723 /* Cumberland */,
				8663004B2E9DA49C005F471B /* Cumberland IOS */,
				86544A8A2EBE946F0083F9CC /* Cumberland_visionOS */,
				866A3A462E8DC16F006D3723 /* CumberlandTests */,
				866A3A502E8DC16F006D3723 /* CumberlandUITests */,
				8663005B2E9DA49D005F471B /* Cumberland IOSTests */,
				866300652E9DA49D005F471B /* Cumberland IOSUITests */,
				865B61D92EB5148E009CDEF4 /* TestApp */,
			);
		};
/* End PBXProject section */

/* Begin PBXResourcesBuildPhase section */
		86544A892EBE946F0083F9CC /* Resources */ = {
			isa = PBXResourcesBuildPhase;
			buildActionMask = 2147483647;
			files = (
			);
			runOnlyForDeploymentPostprocessing = 0;
		};
		865B61D82EB5148E009CDEF4 /* Resources */ = {
			isa = PBXResourcesBuildPhase;
			buildActionMask = 2147483647;
			files = (
			);
			runOnlyForDeploymentPostprocessing = 0;
		};
		8663004A2E9DA49C005F471B /* Resources */ = {
			isa = PBXResourcesBuildPhase;
			buildActionMask = 2147483647;
			files = (
			);
			runOnlyForDeploymentPostprocessing = 0;
		};
		8663005A2E9DA49D005F471B /* Resources */ = {
			isa = PBXResourcesBuildPhase;
			buildActionMask = 2147483647;
			files = (
			);
			runOnlyForDeploymentPostprocessing = 0;
		};
		866300642E9DA49D005F471B /* Resources */ = {
			isa = PBXResourcesBuildPhase;
			buildActionMask = 2147483647;
			files = (
			);
			runOnlyForDeploymentPostprocessing = 0;
		};
		866A3A342E8DC16D006D3723 /* Resources */ = {
			isa = PBXResourcesBuildPhase;
			buildActionMask = 2147483647;
			files = (
			);
			runOnlyForDeploymentPostprocessing = 0;
		};
		866A3A452E8DC16F006D3723 /* Resources */ = {
			isa = PBXResourcesBuildPhase;
			buildActionMask = 2147483647;
			files = (
			);
			runOnlyForDeploymentPostprocessing = 0;
		};
		866A3A4F2E8DC16F006D3723 /* Resources */ = {
			isa = PBXResourcesBuildPhase;
			buildActionMask = 2147483647;
			files = (
			);
			runOnlyForDeploymentPostprocessing = 0;
		};
/* End PBXResourcesBuildPhase section */

/* Begin PBXSourcesBuildPhase section */
		86544A872EBE946F0083F9CC /* Sources */ = {
			isa = PBXSourcesBuildPhase;
			buildActionMask = 2147483647;
			files = (
			);
			runOnlyForDeploymentPostprocessing = 0;
		};
		865B61D62EB5148E009CDEF4 /* Sources */ = {
			isa = PBXSourcesBuildPhase;
			buildActionMask = 2147483647;
			files = (
			);
			runOnlyForDeploymentPostprocessing = 0;
		};
		866300482E9DA49C005F471B /* Sources */ = {
			isa = PBXSourcesBuildPhase;
			buildActionMask = 2147483647;
			files = (
			);
			runOnlyForDeploymentPostprocessing = 0;
		};
		866300582E9DA49D005F471B /* Sources */ = {
			isa = PBXSourcesBuildPhase;
			buildActionMask = 2147483647;
			files = (
			);
			runOnlyForDeploymentPostprocessing = 0;
		};
		866300622E9DA49D005F471B /* Sources */ = {
			isa = PBXSourcesBuildPhase;
			buildActionMask = 2147483647;
			files = (
			);
			runOnlyForDeploymentPostprocessing = 0;
		};
		866A3A322E8DC16D006D3723 /* Sources */ = {
			isa = PBXSourcesBuildPhase;
			buildActionMask = 2147483647;
			files = (
			);
			runOnlyForDeploymentPostprocessing = 0;
		};
		866A3A432E8DC16F006D3723 /* Sources */ = {
			isa = PBXSourcesBuildPhase;
			buildActionMask = 2147483647;
			files = (
			);
			runOnlyForDeploymentPostprocessing = 0;
		};
		866A3A4D2E8DC16F006D3723 /* Sources */ = {
			isa = PBXSourcesBuildPhase;
			buildActionMask = 2147483647;
			files = (
			);
			runOnlyForDeploymentPostprocessing = 0;
		};
/* End PBXSourcesBuildPhase section */

/* Begin PBXTargetDependency section */
		8663005E2E9DA49D005F471B /* PBXTargetDependency */ = {
			isa = PBXTargetDependency;
			target = 8663004B2E9DA49C005F471B /* Cumberland IOS */;
			targetProxy = 8663005D2E9DA49D005F471B /* PBXContainerItemProxy */;
		};
		866300682E9DA49D005F471B /* PBXTargetDependency */ = {
			isa = PBXTargetDependency;
			target = 8663004B2E9DA49C005F471B /* Cumberland IOS */;
			targetProxy = 866300672E9DA49D005F471B /* PBXContainerItemProxy */;
		};
		866A3A492E8DC16F006D3723 /* PBXTargetDependency */ = {
			isa = PBXTargetDependency;
			target = 866A3A352E8DC16D006D3723 /* Cumberland */;
			targetProxy = 866A3A482E8DC16F006D3723 /* PBXContainerItemProxy */;
		};
		866A3A532E8DC16F006D3723 /* PBXTargetDependency */ = {
			isa = PBXTargetDependency;
			target = 866A3A352E8DC16D006D3723 /* Cumberland */;
			targetProxy = 866A3A522E8DC16F006D3723 /* PBXContainerItemProxy */;
		};
/* End PBXTargetDependency section */

/* Begin XCBuildConfiguration section */
		86544A982EBE94710083F9CC /* Debug */ = {
			isa = XCBuildConfiguration;
			buildSettings = {
				ASSETCATALOG_COMPILER_APPICON_NAME = "AppIcon-visionOS";
				ASSETCATALOG_COMPILER_GLOBAL_ACCENT_COLOR_NAME = AccentColor;
				ASSETCATALOG_COMPILER_INCLUDE_ALL_APPICON_ASSETS = YES;
				CODE_SIGN_ENTITLEMENTS = Cumberland_visionOS/Cumberland_visionOS.entitlements;
				CODE_SIGN_STYLE = Automatic;
				CURRENT_PROJECT_VERSION = 1;
				DEVELOPMENT_TEAM = QEJ2Z74RY9;
				ENABLE_PREVIEWS = YES;
				GENERATE_INFOPLIST_FILE = YES;
				INFOPLIST_FILE = "$(TARGET_NAME)/Info.plist";
				INFOPLIST_KEY_CFBundleDisplayName = Cumberland;
				INFOPLIST_KEY_NSPhotoLibraryUsageDescription = "This app allows you to pull photos from the your Photo Library to inspire your writing.";
				LD_RUNPATH_SEARCH_PATHS = (
					"$(inherited)",
					"@executable_path/Frameworks",
				);
				MARKETING_VERSION = 1.0;
				PRODUCT_BUNDLE_IDENTIFIER = "com.caposoft.Cumberland.Cumberland-visionOS";
				PRODUCT_NAME = "$(TARGET_NAME)";
				SDKROOT = xros;
				STRING_CATALOG_GENERATE_SYMBOLS = YES;
				SUPPORTED_PLATFORMS = "xros xrsimulator";
				SWIFT_APPROACHABLE_CONCURRENCY = YES;
				SWIFT_DEFAULT_ACTOR_ISOLATION = MainActor;
				SWIFT_EMIT_LOC_STRINGS = YES;
				SWIFT_UPCOMING_FEATURE_MEMBER_IMPORT_VISIBILITY = YES;
				SWIFT_VERSION = 5.0;
				TARGETED_DEVICE_FAMILY = 7;
				XROS_DEPLOYMENT_TARGET = 26.0;
			};
			name = Debug;
		};
		86544A992EBE94710083F9CC /* Release */ = {
			isa = XCBuildConfiguration;
			buildSettings = {
				ASSETCATALOG_COMPILER_APPICON_NAME = "AppIcon-visionOS";
				ASSETCATALOG_COMPILER_GLOBAL_ACCENT_COLOR_NAME = AccentColor;
				ASSETCATALOG_COMPILER_INCLUDE_ALL_APPICON_ASSETS = YES;
				CODE_SIGN_ENTITLEMENTS = Cumberland_visionOS/Cumberland_visionOS.entitlements;
				CODE_SIGN_STYLE = Automatic;
				CURRENT_PROJECT_VERSION = 1;
				DEVELOPMENT_TEAM = QEJ2Z74RY9;
				ENABLE_PREVIEWS = YES;
				GENERATE_INFOPLIST_FILE = YES;
				INFOPLIST_FILE = "$(TARGET_NAME)/Info.plist";
				INFOPLIST_KEY_CFBundleDisplayName = Cumberland;
				INFOPLIST_KEY_NSPhotoLibraryUsageDescription = "This app allows you to pull photos from the your Photo Library to inspire your writing.";
				LD_RUNPATH_SEARCH_PATHS = (
					"$(inherited)",
					"@executable_path/Frameworks",
				);
				MARKETING_VERSION = 1.0;
				PRODUCT_BUNDLE_IDENTIFIER = "com.caposoft.Cumberland.Cumberland-visionOS";
				PRODUCT_NAME = "$(TARGET_NAME)";
				SDKROOT = xros;
				STRING_CATALOG_GENERATE_SYMBOLS = YES;
				SUPPORTED_PLATFORMS = "xros xrsimulator";
				SWIFT_APPROACHABLE_CONCURRENCY = YES;
				SWIFT_DEFAULT_ACTOR_ISOLATION = MainActor;
				SWIFT_EMIT_LOC_STRINGS = YES;
				SWIFT_UPCOMING_FEATURE_MEMBER_IMPORT_VISIBILITY = YES;
				SWIFT_VERSION = 5.0;
				TARGETED_DEVICE_FAMILY = 7;
				VALIDATE_PRODUCT = YES;
				XROS_DEPLOYMENT_TARGET = 26.0;
			};
			name = Release;
		};
		865B61E32EB51490009CDEF4 /* Debug */ = {
			isa = XCBuildConfiguration;
			buildSettings = {
				ASSETCATALOG_COMPILER_APPICON_NAME = AppIcon;
				ASSETCATALOG_COMPILER_GLOBAL_ACCENT_COLOR_NAME = AccentColor;
				CODE_SIGN_STYLE = Automatic;
				COMBINE_HIDPI_IMAGES = YES;
				CURRENT_PROJECT_VERSION = 1;
				DEAD_CODE_STRIPPING = YES;
				DEVELOPMENT_TEAM = QEJ2Z74RY9;
				ENABLE_APP_SANDBOX = YES;
				ENABLE_HARDENED_RUNTIME = YES;
				ENABLE_PREVIEWS = YES;
				ENABLE_USER_SELECTED_FILES = readonly;
				GENERATE_INFOPLIST_FILE = YES;
				INFOPLIST_FILE = TestApp/Info.plist;
				INFOPLIST_KEY_NSHumanReadableCopyright = "";
				LD_RUNPATH_SEARCH_PATHS = (
					"$(inherited)",
					"@executable_path/../Frameworks",
				);
				MACOSX_DEPLOYMENT_TARGET = 26.0;
				MARKETING_VERSION = 1.0;
				PRODUCT_BUNDLE_IDENTIFIER = com.caposoft.Cumberland.TestApp;
				PRODUCT_NAME = "$(TARGET_NAME)";
				REGISTER_APP_GROUPS = YES;
				SDKROOT = macosx;
				STRING_CATALOG_GENERATE_SYMBOLS = YES;
				SWIFT_APPROACHABLE_CONCURRENCY = YES;
				SWIFT_DEFAULT_ACTOR_ISOLATION = MainActor;
				SWIFT_EMIT_LOC_STRINGS = YES;
				SWIFT_UPCOMING_FEATURE_MEMBER_IMPORT_VISIBILITY = YES;
				SWIFT_VERSION = 5.0;
			};
			name = Debug;
		};
		865B61E42EB51490009CDEF4 /* Release */ = {
			isa = XCBuildConfiguration;
			buildSettings = {
				ASSETCATALOG_COMPILER_APPICON_NAME = AppIcon;
				ASSETCATALOG_COMPILER_GLOBAL_ACCENT_COLOR_NAME = AccentColor;
				CODE_SIGN_STYLE = Automatic;
				COMBINE_HIDPI_IMAGES = YES;
				CURRENT_PROJECT_VERSION = 1;
				DEAD_CODE_STRIPPING = YES;
				DEVELOPMENT_TEAM = QEJ2Z74RY9;
				ENABLE_APP_SANDBOX = YES;
				ENABLE_HARDENED_RUNTIME = YES;
				ENABLE_PREVIEWS = YES;
				ENABLE_USER_SELECTED_FILES = readonly;
				GENERATE_INFOPLIST_FILE = YES;
				INFOPLIST_FILE = TestApp/Info.plist;
				INFOPLIST_KEY_NSHumanReadableCopyright = "";
				LD_RUNPATH_SEARCH_PATHS = (
					"$(inherited)",
					"@executable_path/../Frameworks",
				);
				MACOSX_DEPLOYMENT_TARGET = 26.0;
				MARKETING_VERSION = 1.0;
				PRODUCT_BUNDLE_IDENTIFIER = com.caposoft.Cumberland.TestApp;
				PRODUCT_NAME = "$(TARGET_NAME)";
				REGISTER_APP_GROUPS = YES;
				SDKROOT = macosx;
				STRING_CATALOG_GENERATE_SYMBOLS = YES;
				SWIFT_APPROACHABLE_CONCURRENCY = YES;
				SWIFT_DEFAULT_ACTOR_ISOLATION = MainActor;
				SWIFT_EMIT_LOC_STRINGS = YES;
				SWIFT_UPCOMING_FEATURE_MEMBER_IMPORT_VISIBILITY = YES;
				SWIFT_VERSION = 5.0;
			};
			name = Release;
		};
		8663006E2E9DA49D005F471B /* Debug */ = {
			isa = XCBuildConfiguration;
			buildSettings = {
				ASSETCATALOG_COMPILER_APPICON_NAME = "AppIcon-iOS";
				ASSETCATALOG_COMPILER_GLOBAL_ACCENT_COLOR_NAME = AccentColor;
				ASSETCATALOG_COMPILER_INCLUDE_ALL_APPICON_ASSETS = YES;
				CODE_SIGN_ENTITLEMENTS = "Cumberland IOS/Cumberland_IOS.entitlements";
				CODE_SIGN_STYLE = Automatic;
				CURRENT_PROJECT_VERSION = 1;
				DEVELOPMENT_TEAM = QEJ2Z74RY9;
				ENABLE_PREVIEWS = YES;
				GENERATE_INFOPLIST_FILE = YES;
				INFOPLIST_FILE = "Cumberland IOS/Info.plist";
				INFOPLIST_KEY_CFBundleDisplayName = Cumberland;
				INFOPLIST_KEY_LSApplicationCategoryType = "public.app-category.books";
				INFOPLIST_KEY_NSPhotoLibraryUsageDescription = "This app allows you to pull photos from the your Photo Library to inspire your writing.";
				INFOPLIST_KEY_UIApplicationSceneManifest_Generation = YES;
				INFOPLIST_KEY_UIApplicationSupportsIndirectInputEvents = YES;
				INFOPLIST_KEY_UILaunchScreen_Generation = YES;
				INFOPLIST_KEY_UISupportedInterfaceOrientations_iPad = "UIInterfaceOrientationPortrait UIInterfaceOrientationPortraitUpsideDown UIInterfaceOrientationLandscapeLeft UIInterfaceOrientationLandscapeRight";
				INFOPLIST_KEY_UISupportedInterfaceOrientations_iPhone = "UIInterfaceOrientationPortrait UIInterfaceOrientationLandscapeLeft UIInterfaceOrientationLandscapeRight";
				IPHONEOS_DEPLOYMENT_TARGET = 26.0;
				LD_RUNPATH_SEARCH_PATHS = (
					"$(inherited)",
					"@executable_path/Frameworks",
				);
				MARKETING_VERSION = 1.0;
				PRODUCT_BUNDLE_IDENTIFIER = "com.caposoft.Cumberland.Cumberland-IOS";
				PRODUCT_NAME = "$(TARGET_NAME)";
				SDKROOT = iphoneos;
				STRING_CATALOG_GENERATE_SYMBOLS = YES;
				SWIFT_APPROACHABLE_CONCURRENCY = YES;
				SWIFT_DEFAULT_ACTOR_ISOLATION = MainActor;
				SWIFT_EMIT_LOC_STRINGS = YES;
				SWIFT_UPCOMING_FEATURE_MEMBER_IMPORT_VISIBILITY = YES;
				SWIFT_VERSION = 5.0;
				TARGETED_DEVICE_FAMILY = "1,2";
			};
			name = Debug;
		};
		8663006F2E9DA49D005F471B /* Release */ = {
			isa = XCBuildConfiguration;
			buildSettings = {
				ASSETCATALOG_COMPILER_APPICON_NAME = "AppIcon-iOS";
				ASSETCATALOG_COMPILER_GLOBAL_ACCENT_COLOR_NAME = AccentColor;
				ASSETCATALOG_COMPILER_INCLUDE_ALL_APPICON_ASSETS = YES;
				CODE_SIGN_ENTITLEMENTS = "Cumberland IOS/Cumberland_IOS.entitlements";
				CODE_SIGN_STYLE = Automatic;
				CURRENT_PROJECT_VERSION = 1;
				DEVELOPMENT_TEAM = QEJ2Z74RY9;
				ENABLE_PREVIEWS = YES;
				GENERATE_INFOPLIST_FILE = YES;
				INFOPLIST_FILE = "Cumberland IOS/Info.plist";
				INFOPLIST_KEY_CFBundleDisplayName = Cumberland;
				INFOPLIST_KEY_LSApplicationCategoryType = "public.app-category.books";
				INFOPLIST_KEY_NSPhotoLibraryUsageDescription = "This app allows you to pull photos from the your Photo Library to inspire your writing.";
				INFOPLIST_KEY_UIApplicationSceneManifest_Generation = YES;
				INFOPLIST_KEY_UIApplicationSupportsIndirectInputEvents = YES;
				INFOPLIST_KEY_UILaunchScreen_Generation = YES;
				INFOPLIST_KEY_UISupportedInterfaceOrientations_iPad = "UIInterfaceOrientationPortrait UIInterfaceOrientationPortraitUpsideDown UIInterfaceOrientationLandscapeLeft UIInterfaceOrientationLandscapeRight";
				INFOPLIST_KEY_UISupportedInterfaceOrientations_iPhone = "UIInterfaceOrientationPortrait UIInterfaceOrientationLandscapeLeft UIInterfaceOrientationLandscapeRight";
				IPHONEOS_DEPLOYMENT_TARGET = 26.0;
				LD_RUNPATH_SEARCH_PATHS = (
					"$(inherited)",
					"@executable_path/Frameworks",
				);
				MARKETING_VERSION = 1.0;
				PRODUCT_BUNDLE_IDENTIFIER = "com.caposoft.Cumberland.Cumberland-IOS";
				PRODUCT_NAME = "$(TARGET_NAME)";
				SDKROOT = iphoneos;
				STRING_CATALOG_GENERATE_SYMBOLS = YES;
				SWIFT_APPROACHABLE_CONCURRENCY = YES;
				SWIFT_DEFAULT_ACTOR_ISOLATION = MainActor;
				SWIFT_EMIT_LOC_STRINGS = YES;
				SWIFT_UPCOMING_FEATURE_MEMBER_IMPORT_VISIBILITY = YES;
				SWIFT_VERSION = 5.0;
				TARGETED_DEVICE_FAMILY = "1,2";
				VALIDATE_PRODUCT = YES;
			};
			name = Release;
		};
		866300702E9DA49D005F471B /* Debug */ = {
			isa = XCBuildConfiguration;
			buildSettings = {
				BUNDLE_LOADER = "$(TEST_HOST)";
				CODE_SIGN_STYLE = Automatic;
				CURRENT_PROJECT_VERSION = 1;
				DEVELOPMENT_TEAM = QEJ2Z74RY9;
				GENERATE_INFOPLIST_FILE = YES;
				IPHONEOS_DEPLOYMENT_TARGET = 26.0;
				MARKETING_VERSION = 1.0;
				PRODUCT_BUNDLE_IDENTIFIER = "com.caposoft.Cumberland.Cumberland-IOSTests";
				PRODUCT_NAME = "$(TARGET_NAME)";
				SDKROOT = iphoneos;
				STRING_CATALOG_GENERATE_SYMBOLS = NO;
				SWIFT_APPROACHABLE_CONCURRENCY = YES;
				SWIFT_EMIT_LOC_STRINGS = NO;
				SWIFT_UPCOMING_FEATURE_MEMBER_IMPORT_VISIBILITY = YES;
				SWIFT_VERSION = 5.0;
				TARGETED_DEVICE_FAMILY = "1,2";
				TEST_HOST = "$(BUILT_PRODUCTS_DIR)/Cumberland IOS.app/$(BUNDLE_EXECUTABLE_FOLDER_PATH)/Cumberland IOS";
			};
			name = Debug;
		};
		866300712E9DA49D005F471B /* Release */ = {
			isa = XCBuildConfiguration;
			buildSettings = {
				BUNDLE_LOADER = "$(TEST_HOST)";
				CODE_SIGN_STYLE = Automatic;
				CURRENT_PROJECT_VERSION = 1;
				DEVELOPMENT_TEAM = QEJ2Z74RY9;
				GENERATE_INFOPLIST_FILE = YES;
				IPHONEOS_DEPLOYMENT_TARGET = 26.0;
				MARKETING_VERSION = 1.0;
				PRODUCT_BUNDLE_IDENTIFIER = "com.caposoft.Cumberland.Cumberland-IOSTests";
				PRODUCT_NAME = "$(TARGET_NAME)";
				SDKROOT = iphoneos;
				STRING_CATALOG_GENERATE_SYMBOLS = NO;
				SWIFT_APPROACHABLE_CONCURRENCY = YES;
				SWIFT_EMIT_LOC_STRINGS = NO;
				SWIFT_UPCOMING_FEATURE_MEMBER_IMPORT_VISIBILITY = YES;
				SWIFT_VERSION = 5.0;
				TARGETED_DEVICE_FAMILY = "1,2";
				TEST_HOST = "$(BUILT_PRODUCTS_DIR)/Cumberland IOS.app/$(BUNDLE_EXECUTABLE_FOLDER_PATH)/Cumberland IOS";
				VALIDATE_PRODUCT = YES;
			};
			name = Release;
		};
		866300722E9DA49D005F471B /* Debug */ = {
			isa = XCBuildConfiguration;
			buildSettings = {
				CODE_SIGN_STYLE = Automatic;
				CURRENT_PROJECT_VERSION = 1;
				DEVELOPMENT_TEAM = QEJ2Z74RY9;
				GENERATE_INFOPLIST_FILE = YES;
				IPHONEOS_DEPLOYMENT_TARGET = 26.0;
				MARKETING_VERSION = 1.0;
				PRODUCT_BUNDLE_IDENTIFIER = "com.caposoft.Cumberland.Cumberland-IOSUITests";
				PRODUCT_NAME = "$(TARGET_NAME)";
				SDKROOT = iphoneos;
				STRING_CATALOG_GENERATE_SYMBOLS = NO;
				SWIFT_APPROACHABLE_CONCURRENCY = YES;
				SWIFT_EMIT_LOC_STRINGS = NO;
				SWIFT_UPCOMING_FEATURE_MEMBER_IMPORT_VISIBILITY = YES;
				SWIFT_VERSION = 5.0;
				TARGETED_DEVICE_FAMILY = "1,2";
				TEST_TARGET_NAME = "Cumberland IOS";
			};
			name = Debug;
		};
		866300732E9DA49D005F471B /* Release */ = {
			isa = XCBuildConfiguration;
			buildSettings = {
				CODE_SIGN_STYLE = Automatic;
				CURRENT_PROJECT_VERSION = 1;
				DEVELOPMENT_TEAM = QEJ2Z74RY9;
				GENERATE_INFOPLIST_FILE = YES;
				IPHONEOS_DEPLOYMENT_TARGET = 26.0;
				MARKETING_VERSION = 1.0;
				PRODUCT_BUNDLE_IDENTIFIER = "com.caposoft.Cumberland.Cumberland-IOSUITests";
				PRODUCT_NAME = "$(TARGET_NAME)";
				SDKROOT = iphoneos;
				STRING_CATALOG_GENERATE_SYMBOLS = NO;
				SWIFT_APPROACHABLE_CONCURRENCY = YES;
				SWIFT_EMIT_LOC_STRINGS = NO;
				SWIFT_UPCOMING_FEATURE_MEMBER_IMPORT_VISIBILITY = YES;
				SWIFT_VERSION = 5.0;
				TARGETED_DEVICE_FAMILY = "1,2";
				TEST_TARGET_NAME = "Cumberland IOS";
				VALIDATE_PRODUCT = YES;
			};
			name = Release;
		};
		866A3A5B2E8DC16F006D3723 /* Debug */ = {
			isa = XCBuildConfiguration;
			buildSettings = {
				ASSETCATALOG_COMPILER_APPICON_NAME = "AppIcon-macOS";
				ASSETCATALOG_COMPILER_GLOBAL_ACCENT_COLOR_NAME = AccentColor;
				ASSETCATALOG_COMPILER_INCLUDE_ALL_APPICON_ASSETS = YES;
				CODE_SIGN_ENTITLEMENTS = Cumberland/Cumberland.entitlements;
				CODE_SIGN_IDENTITY = "-";
				"CODE_SIGN_IDENTITY[sdk=iphoneos*]" = "Apple Development";
				"CODE_SIGN_IDENTITY[sdk=macosx*]" = "Apple Development";
				"CODE_SIGN_IDENTITY[sdk=xros*]" = "Apple Development";
				CODE_SIGN_STYLE = Automatic;
				CURRENT_PROJECT_VERSION = 2;
				DEAD_CODE_STRIPPING = YES;
				DEVELOPMENT_TEAM = QEJ2Z74RY9;
				ENABLE_APP_SANDBOX = YES;
				ENABLE_HARDENED_RUNTIME = YES;
				ENABLE_PREVIEWS = YES;
				ENABLE_USER_SELECTED_FILES = readonly;
				GENERATE_INFOPLIST_FILE = YES;
				INFOPLIST_FILE = Cumberland/Info.plist;
				INFOPLIST_KEY_CFBundleDisplayName = Cumberland;
				INFOPLIST_KEY_LSApplicationCategoryType = "public.app-category.books";
				INFOPLIST_KEY_NSPhotoLibraryUsageDescription = "This app allows you to pull photos from the your Photo Library to inspire your writing.";
				"INFOPLIST_KEY_UIApplicationSceneManifest_Generation[sdk=iphoneos*]" = YES;
				"INFOPLIST_KEY_UIApplicationSceneManifest_Generation[sdk=iphonesimulator*]" = YES;
				"INFOPLIST_KEY_UIApplicationSupportsIndirectInputEvents[sdk=iphoneos*]" = YES;
				"INFOPLIST_KEY_UIApplicationSupportsIndirectInputEvents[sdk=iphonesimulator*]" = YES;
				"INFOPLIST_KEY_UILaunchScreen_Generation[sdk=iphoneos*]" = YES;
				"INFOPLIST_KEY_UILaunchScreen_Generation[sdk=iphonesimulator*]" = YES;
				"INFOPLIST_KEY_UIStatusBarStyle[sdk=iphoneos*]" = UIStatusBarStyleDefaul;
				"INFOPLIST_KEY_UIStatusBarStyle[sdk=iphonesimulator*]" = UIStatusBarStyleDefault;
				INFOPLIST_KEY_UISupportedInterfaceOrientations_iPad = "UIInterfaceOrientationPortrait UIInterfaceOrientationPortraitUpsideDown UIInterfaceOrientationLandscapeLeft UIInterfaceOrientationLandscapeRight";
				INFOPLIST_KEY_UISupportedInterfaceOrientations_iPhone = "UIInterfaceOrientationPortrait UIInterfaceOrientationLandscapeLeft UIInterfaceOrientationLandscapeRight";
				IPHONEOS_DEPLOYMENT_TARGET = 26.0;
				LD_RUNPATH_SEARCH_PATHS = "@executable_path/Frameworks";
				"LD_RUNPATH_SEARCH_PATHS[sdk=macosx*]" = "@executable_path/../Frameworks";
				MACOSX_DEPLOYMENT_TARGET = 26.0;
				MARKETING_VERSION = 1.0;
				PRODUCT_BUNDLE_IDENTIFIER = com.caposoft.Cumberland;
				PRODUCT_NAME = Cumberland;
				REGISTER_APP_GROUPS = YES;
				SDKROOT = macosx;
				STRING_CATALOG_GENERATE_SYMBOLS = YES;
				SUPPORTED_PLATFORMS = "iphoneos iphonesimulator macosx xros xrsimulator";
				SWIFT_APPROACHABLE_CONCURRENCY = YES;
				SWIFT_DEFAULT_ACTOR_ISOLATION = MainActor;
				SWIFT_EMIT_LOC_STRINGS = YES;
				SWIFT_UPCOMING_FEATURE_MEMBER_IMPORT_VISIBILITY = YES;
				SWIFT_VERSION = 5.0;
				TARGETED_DEVICE_FAMILY = "1,2,7";
				XROS_DEPLOYMENT_TARGET = 26.0;
			};
			name = Debug;
		};
		866A3A5C2E8DC16F006D3723 /* Release */ = {
			isa = XCBuildConfiguration;
			buildSettings = {
				ASSETCATALOG_COMPILER_APPICON_NAME = "AppIcon-macOS";
				ASSETCATALOG_COMPILER_GLOBAL_ACCENT_COLOR_NAME = AccentColor;
				ASSETCATALOG_COMPILER_INCLUDE_ALL_APPICON_ASSETS = YES;
				CODE_SIGN_ENTITLEMENTS = Cumberland/Cumberland.entitlements;
				CODE_SIGN_IDENTITY = "-";
				"CODE_SIGN_IDENTITY[sdk=iphoneos*]" = "Apple Development";
				"CODE_SIGN_IDENTITY[sdk=macosx*]" = "Apple Development";
				"CODE_SIGN_IDENTITY[sdk=xros*]" = "Apple Development";
				CODE_SIGN_STYLE = Automatic;
				CURRENT_PROJECT_VERSION = 2;
				DEAD_CODE_STRIPPING = YES;
				DEVELOPMENT_TEAM = QEJ2Z74RY9;
				ENABLE_APP_SANDBOX = YES;
				ENABLE_HARDENED_RUNTIME = YES;
				ENABLE_PREVIEWS = YES;
				ENABLE_USER_SELECTED_FILES = readonly;
				GENERATE_INFOPLIST_FILE = YES;
				INFOPLIST_FILE = Cumberland/Info.plist;
				INFOPLIST_KEY_CFBundleDisplayName = Cumberland;
				INFOPLIST_KEY_LSApplicationCategoryType = "public.app-category.books";
				INFOPLIST_KEY_NSPhotoLibraryUsageDescription = "This app allows you to pull photos from the your Photo Library to inspire your writing.";
				"INFOPLIST_KEY_UIApplicationSceneManifest_Generation[sdk=iphoneos*]" = YES;
				"INFOPLIST_KEY_UIApplicationSceneManifest_Generation[sdk=iphonesimulator*]" = YES;
				"INFOPLIST_KEY_UIApplicationSupportsIndirectInputEvents[sdk=iphoneos*]" = YES;
				"INFOPLIST_KEY_UIApplicationSupportsIndirectInputEvents[sdk=iphonesimulator*]" = YES;
				"INFOPLIST_KEY_UILaunchScreen_Generation[sdk=iphoneos*]" = YES;
				"INFOPLIST_KEY_UILaunchScreen_Generation[sdk=iphonesimulator*]" = YES;
				"INFOPLIST_KEY_UIStatusBarStyle[sdk=iphoneos*]" = UIStatusBarStyleDefault;
				"INFOPLIST_KEY_UIStatusBarStyle[sdk=iphonesimulator*]" = UIStatusBarStyleDefault;
				INFOPLIST_KEY_UISupportedInterfaceOrientations_iPad = "UIInterfaceOrientationPortrait UIInterfaceOrientationPortraitUpsideDown UIInterfaceOrientationLandscapeLeft UIInterfaceOrientationLandscapeRight";
				INFOPLIST_KEY_UISupportedInterfaceOrientations_iPhone = "UIInterfaceOrientationPortrait UIInterfaceOrientationLandscapeLeft UIInterfaceOrientationLandscapeRight";
				IPHONEOS_DEPLOYMENT_TARGET = 26.0;
				LD_RUNPATH_SEARCH_PATHS = "@executable_path/Frameworks";
				"LD_RUNPATH_SEARCH_PATHS[sdk=macosx*]" = "@executable_path/../Frameworks";
				MACOSX_DEPLOYMENT_TARGET = 26.0;
				MARKETING_VERSION = 1.0;
				PRODUCT_BUNDLE_IDENTIFIER = com.caposoft.Cumberland;
				PRODUCT_NAME = Cumberland;
				REGISTER_APP_GROUPS = YES;
				SDKROOT = macosx;
				STRING_CATALOG_GENERATE_SYMBOLS = YES;
				SUPPORTED_PLATFORMS = "iphoneos iphonesimulator macosx xros xrsimulator";
				SWIFT_APPROACHABLE_CONCURRENCY = YES;
				SWIFT_DEFAULT_ACTOR_ISOLATION = MainActor;
				SWIFT_EMIT_LOC_STRINGS = YES;
				SWIFT_UPCOMING_FEATURE_MEMBER_IMPORT_VISIBILITY = YES;
				SWIFT_VERSION = 5.0;
				TARGETED_DEVICE_FAMILY = "1,2,7";
				XROS_DEPLOYMENT_TARGET = 26.0;
			};
			name = Release;
		};
		866A3A5D2E8DC16F006D3723 /* Debug */ = {
			isa = XCBuildConfiguration;
			buildSettings = {
				ALWAYS_SEARCH_USER_PATHS = NO;
				ASSETCATALOG_COMPILER_GENERATE_SWIFT_ASSET_SYMBOL_EXTENSIONS = YES;
				CLANG_ANALYZER_NONNULL = YES;
				CLANG_ANALYZER_NUMBER_OBJECT_CONVERSION = YES_AGGRESSIVE;
				CLANG_CXX_LANGUAGE_STANDARD = "gnu++20";
				CLANG_ENABLE_MODULES = YES;
				CLANG_ENABLE_OBJC_ARC = YES;
				CLANG_ENABLE_OBJC_WEAK = YES;
				CLANG_WARN_BLOCK_CAPTURE_AUTORELEASING = YES;
				CLANG_WARN_BOOL_CONVERSION = YES;
				CLANG_WARN_COMMA = YES;
				CLANG_WARN_CONSTANT_CONVERSION = YES;
				CLANG_WARN_DEPRECATED_OBJC_IMPLEMENTATIONS = YES;
				CLANG_WARN_DIRECT_OBJC_ISA_USAGE = YES_ERROR;
				CLANG_WARN_DOCUMENTATION_COMMENTS = YES;
				CLANG_WARN_EMPTY_BODY = YES;
				CLANG_WARN_ENUM_CONVERSION = YES;
				CLANG_WARN_INFINITE_RECURSION = YES;
				CLANG_WARN_INT_CONVERSION = YES;
				CLANG_WARN_NON_LITERAL_NULL_CONVERSION = YES;
				CLANG_WARN_OBJC_IMPLICIT_RETAIN_SELF = YES;
				CLANG_WARN_OBJC_LITERAL_CONVERSION = YES;
				CLANG_WARN_OBJC_ROOT_CLASS = YES_ERROR;
				CLANG_WARN_QUOTED_INCLUDE_IN_FRAMEWORK_HEADER = YES;
				CLANG_WARN_RANGE_LOOP_ANALYSIS = YES;
				CLANG_WARN_STRICT_PROTOTYPES = YES;
				CLANG_WARN_SUSPICIOUS_MOVE = YES;
				CLANG_WARN_UNGUARDED_AVAILABILITY = YES_AGGRESSIVE;
				CLANG_WARN_UNREACHABLE_CODE = YES;
				CLANG_WARN__DUPLICATE_METHOD_MATCH = YES;
				COPY_PHASE_STRIP = NO;
				DEAD_CODE_STRIPPING = YES;
				DEBUG_INFORMATION_FORMAT = dwarf;
				DEVELOPMENT_TEAM = QEJ2Z74RY9;
				ENABLE_STRICT_OBJC_MSGSEND = YES;
				ENABLE_TESTABILITY = YES;
				ENABLE_USER_SCRIPT_SANDBOXING = YES;
				GCC_C_LANGUAGE_STANDARD = gnu17;
				GCC_DYNAMIC_NO_PIC = NO;
				GCC_NO_COMMON_BLOCKS = YES;
				GCC_OPTIMIZATION_LEVEL = 0;
				GCC_PREPROCESSOR_DEFINITIONS = (
					"DEBUG=1",
					"$(inherited)",
				);
				GCC_WARN_64_TO_32_BIT_CONVERSION = YES;
				GCC_WARN_ABOUT_RETURN_TYPE = YES_ERROR;
				GCC_WARN_UNDECLARED_SELECTOR = YES;
				GCC_WARN_UNINITIALIZED_AUTOS = YES_AGGRESSIVE;
				GCC_WARN_UNUSED_FUNCTION = YES;
				GCC_WARN_UNUSED_VARIABLE = YES;
				LOCALIZATION_PREFERS_STRING_CATALOGS = YES;
				MTL_ENABLE_DEBUG_INFO = INCLUDE_SOURCE;
				MTL_FAST_MATH = YES;
				ONLY_ACTIVE_ARCH = YES;
				STRING_CATALOG_GENERATE_SYMBOLS = YES;
				SWIFT_ACTIVE_COMPILATION_CONDITIONS = "DEBUG $(inherited)";
				SWIFT_OPTIMIZATION_LEVEL = "-Onone";
			};
			name = Debug;
		};
		866A3A5E2E8DC16F006D3723 /* Release */ = {
			isa = XCBuildConfiguration;
			buildSettings = {
				ALWAYS_SEARCH_USER_PATHS = NO;
				ASSETCATALOG_COMPILER_GENERATE_SWIFT_ASSET_SYMBOL_EXTENSIONS = YES;
				CLANG_ANALYZER_NONNULL = YES;
				CLANG_ANALYZER_NUMBER_OBJECT_CONVERSION = YES_AGGRESSIVE;
				CLANG_CXX_LANGUAGE_STANDARD = "gnu++20";
				CLANG_ENABLE_MODULES = YES;
				CLANG_ENABLE_OBJC_ARC = YES;
				CLANG_ENABLE_OBJC_WEAK = YES;
				CLANG_WARN_BLOCK_CAPTURE_AUTORELEASING = YES;
				CLANG_WARN_BOOL_CONVERSION = YES;
				CLANG_WARN_COMMA = YES;
				CLANG_WARN_CONSTANT_CONVERSION = YES;
				CLANG_WARN_DEPRECATED_OBJC_IMPLEMENTATIONS = YES;
				CLANG_WARN_DIRECT_OBJC_ISA_USAGE = YES_ERROR;
				CLANG_WARN_DOCUMENTATION_COMMENTS = YES;
				CLANG_WARN_EMPTY_BODY = YES;
				CLANG_WARN_ENUM_CONVERSION = YES;
				CLANG_WARN_INFINITE_RECURSION = YES;
				CLANG_WARN_INT_CONVERSION = YES;
				CLANG_WARN_NON_LITERAL_NULL_CONVERSION = YES;
				CLANG_WARN_OBJC_IMPLICIT_RETAIN_SELF = YES;
				CLANG_WARN_OBJC_LITERAL_CONVERSION = YES;
				CLANG_WARN_OBJC_ROOT_CLASS = YES_ERROR;
				CLANG_WARN_QUOTED_INCLUDE_IN_FRAMEWORK_HEADER = YES;
				CLANG_WARN_RANGE_LOOP_ANALYSIS = YES;
				CLANG_WARN_STRICT_PROTOTYPES = YES;
				CLANG_WARN_SUSPICIOUS_MOVE = YES;
				CLANG_WARN_UNGUARDED_AVAILABILITY = YES_AGGRESSIVE;
				CLANG_WARN_UNREACHABLE_CODE = YES;
				CLANG_WARN__DUPLICATE_METHOD_MATCH = YES;
				COPY_PHASE_STRIP = NO;
				DEAD_CODE_STRIPPING = YES;
				DEBUG_INFORMATION_FORMAT = "dwarf-with-dsym";
				DEVELOPMENT_TEAM = QEJ2Z74RY9;
				ENABLE_NS_ASSERTIONS = NO;
				ENABLE_STRICT_OBJC_MSGSEND = YES;
				ENABLE_USER_SCRIPT_SANDBOXING = YES;
				GCC_C_LANGUAGE_STANDARD = gnu17;
				GCC_NO_COMMON_BLOCKS = YES;
				GCC_WARN_64_TO_32_BIT_CONVERSION = YES;
				GCC_WARN_ABOUT_RETURN_TYPE = YES_ERROR;
				GCC_WARN_UNDECLARED_SELECTOR = YES;
				GCC_WARN_UNINITIALIZED_AUTOS = YES_AGGRESSIVE;
				GCC_WARN_UNUSED_FUNCTION = YES;
				GCC_WARN_UNUSED_VARIABLE = YES;
				LOCALIZATION_PREFERS_STRING_CATALOGS = YES;
				MTL_ENABLE_DEBUG_INFO = NO;
				MTL_FAST_MATH = YES;
				STRING_CATALOG_GENERATE_SYMBOLS = YES;
				SWIFT_COMPILATION_MODE = wholemodule;
			};
			name = Release;
		};
		866A3A602E8DC16F006D3723 /* Debug */ = {
			isa = XCBuildConfiguration;
			buildSettings = {
				BUNDLE_LOADER = "$(TEST_HOST)";
				CODE_SIGN_STYLE = Automatic;
				CURRENT_PROJECT_VERSION = 1;
				DEAD_CODE_STRIPPING = YES;
				DEBUG_INFORMATION_FORMAT = "dwarf-with-dsym";
				DEVELOPMENT_TEAM = QEJ2Z74RY9;
				GENERATE_INFOPLIST_FILE = YES;
				IPHONEOS_DEPLOYMENT_TARGET = 26.0;
				MACOSX_DEPLOYMENT_TARGET = 26.0;
				MARKETING_VERSION = 1.0;
				PRODUCT_BUNDLE_IDENTIFIER = com.caposoft.CumberlandTests;
				PRODUCT_NAME = "$(TARGET_NAME)";
				SDKROOT = macosx;
				STRING_CATALOG_GENERATE_SYMBOLS = NO;
				SUPPORTED_PLATFORMS = "iphoneos iphonesimulator macosx xros xrsimulator";
				SWIFT_APPROACHABLE_CONCURRENCY = YES;
				SWIFT_EMIT_LOC_STRINGS = NO;
				SWIFT_UPCOMING_FEATURE_MEMBER_IMPORT_VISIBILITY = YES;
				SWIFT_VERSION = 5.0;
				TARGETED_DEVICE_FAMILY = "1,2,7";
				TEST_HOST = "$(BUILT_PRODUCTS_DIR)/Cumberland.app/$(BUNDLE_EXECUTABLE_FOLDER_PATH)/Cumberland";
				XROS_DEPLOYMENT_TARGET = 26.0;
			};
			name = Debug;
		};
		866A3A612E8DC16F006D3723 /* Release */ = {
			isa = XCBuildConfiguration;
			buildSettings = {
				BUNDLE_LOADER = "$(TEST_HOST)";
				CODE_SIGN_STYLE = Automatic;
				CURRENT_PROJECT_VERSION = 1;
				DEAD_CODE_STRIPPING = YES;
				DEVELOPMENT_TEAM = QEJ2Z74RY9;
				GENERATE_INFOPLIST_FILE = YES;
				IPHONEOS_DEPLOYMENT_TARGET = 26.0;
				MACOSX_DEPLOYMENT_TARGET = 26.0;
				MARKETING_VERSION = 1.0;
				PRODUCT_BUNDLE_IDENTIFIER = com.caposoft.CumberlandTests;
				PRODUCT_NAME = "$(TARGET_NAME)";
				SDKROOT = macosx;
				STRING_CATALOG_GENERATE_SYMBOLS = NO;
				SUPPORTED_PLATFORMS = "iphoneos iphonesimulator macosx xros xrsimulator";
				SWIFT_APPROACHABLE_CONCURRENCY = YES;
				SWIFT_EMIT_LOC_STRINGS = NO;
				SWIFT_UPCOMING_FEATURE_MEMBER_IMPORT_VISIBILITY = YES;
				SWIFT_VERSION = 5.0;
				TARGETED_DEVICE_FAMILY = "1,2,7";
				TEST_HOST = "$(BUILT_PRODUCTS_DIR)/Cumberland.app/$(BUNDLE_EXECUTABLE_FOLDER_PATH)/Cumberland";
				XROS_DEPLOYMENT_TARGET = 26.0;
			};
			name = Release;
		};
		866A3A632E8DC16F006D3723 /* Debug */ = {
			isa = XCBuildConfiguration;
			buildSettings = {
				CODE_SIGN_STYLE = Automatic;
				CURRENT_PROJECT_VERSION = 1;
				DEAD_CODE_STRIPPING = YES;
				DEVELOPMENT_TEAM = QEJ2Z74RY9;
				GENERATE_INFOPLIST_FILE = YES;
				IPHONEOS_DEPLOYMENT_TARGET = 26.0;
				MACOSX_DEPLOYMENT_TARGET = 26.0;
				MARKETING_VERSION = 1.0;
				PRODUCT_BUNDLE_IDENTIFIER = com.caposoft.CumberlandUITests;
				PRODUCT_NAME = "$(TARGET_NAME)";
				SDKROOT = macosx;
				STRING_CATALOG_GENERATE_SYMBOLS = NO;
				SUPPORTED_PLATFORMS = "iphoneos iphonesimulator macosx xros xrsimulator";
				SWIFT_APPROACHABLE_CONCURRENCY = YES;
				SWIFT_EMIT_LOC_STRINGS = NO;
				SWIFT_UPCOMING_FEATURE_MEMBER_IMPORT_VISIBILITY = YES;
				SWIFT_VERSION = 5.0;
				TARGETED_DEVICE_FAMILY = "1,2,7";
				TEST_TARGET_NAME = Cumberland;
				XROS_DEPLOYMENT_TARGET = 26.0;
			};
			name = Debug;
		};
		866A3A642E8DC16F006D3723 /* Release */ = {
			isa = XCBuildConfiguration;
			buildSettings = {
				CODE_SIGN_STYLE = Automatic;
				CURRENT_PROJECT_VERSION = 1;
				DEAD_CODE_STRIPPING = YES;
				DEVELOPMENT_TEAM = QEJ2Z74RY9;
				GENERATE_INFOPLIST_FILE = YES;
				IPHONEOS_DEPLOYMENT_TARGET = 26.0;
				MACOSX_DEPLOYMENT_TARGET = 26.0;
				MARKETING_VERSION = 1.0;
				PRODUCT_BUNDLE_IDENTIFIER = com.caposoft.CumberlandUITests;
				PRODUCT_NAME = "$(TARGET_NAME)";
				SDKROOT = macosx;
				STRING_CATALOG_GENERATE_SYMBOLS = NO;
				SUPPORTED_PLATFORMS = "iphoneos iphonesimulator macosx xros xrsimulator";
				SWIFT_APPROACHABLE_CONCURRENCY = YES;
				SWIFT_EMIT_LOC_STRINGS = NO;
				SWIFT_UPCOMING_FEATURE_MEMBER_IMPORT_VISIBILITY = YES;
				SWIFT_VERSION = 5.0;
				TARGETED_DEVICE_FAMILY = "1,2,7";
				TEST_TARGET_NAME = Cumberland;
				XROS_DEPLOYMENT_TARGET = 26.0;
			};
			name = Release;
		};
/* End XCBuildConfiguration section */

/* Begin XCConfigurationList section */
		86544A9B2EBE94710083F9CC /* Build configuration list for PBXNativeTarget "Cumberland_visionOS" */ = {
			isa = XCConfigurationList;
			buildConfigurations = (
				86544A982EBE94710083F9CC /* Debug */,
				86544A992EBE94710083F9CC /* Release */,
			);
			defaultConfigurationIsVisible = 0;
			defaultConfigurationName = Release;
		};
		865B61E22EB51490009CDEF4 /* Build configuration list for PBXNativeTarget "TestApp" */ = {
			isa = XCConfigurationList;
			buildConfigurations = (
				865B61E32EB51490009CDEF4 /* Debug */,
				865B61E42EB51490009CDEF4 /* Release */,
			);
			defaultConfigurationIsVisible = 0;
			defaultConfigurationName = Release;
		};
		866300752E9DA49D005F471B /* Build configuration list for PBXNativeTarget "Cumberland IOS" */ = {
			isa = XCConfigurationList;
			buildConfigurations = (
				8663006E2E9DA49D005F471B /* Debug */,
				8663006F2E9DA49D005F471B /* Release */,
			);
			defaultConfigurationIsVisible = 0;
			defaultConfigurationName = Release;
		};
		866300762E9DA49D005F471B /* Build configuration list for PBXNativeTarget "Cumberland IOSTests" */ = {
			isa = XCConfigurationList;
			buildConfigurations = (
				866300702E9DA49D005F471B /* Debug */,
				866300712E9DA49D005F471B /* Release */,
			);
			defaultConfigurationIsVisible = 0;
			defaultConfigurationName = Release;
		};
		866300772E9DA49D005F471B /* Build configuration list for PBXNativeTarget "Cumberland IOSUITests" */ = {
			isa = XCConfigurationList;
			buildConfigurations = (
				866300722E9DA49D005F471B /* Debug */,
				866300732E9DA49D005F471B /* Release */,
			);
			defaultConfigurationIsVisible = 0;
			defaultConfigurationName = Release;
		};
		866A3A312E8DC16D006D3723 /* Build configuration list for PBXProject "Cumberland" */ = {
			isa = XCConfigurationList;
			buildConfigurations = (
				866A3A5D2E8DC16F006D3723 /* Debug */,
				866A3A5E2E8DC16F006D3723 /* Release */,
			);
			defaultConfigurationIsVisible = 0;
			defaultConfigurationName = Release;
		};
		866A3A5A2E8DC16F006D3723 /* Build configuration list for PBXNativeTarget "Cumberland" */ = {
			isa = XCConfigurationList;
			buildConfigurations = (
				866A3A5B2E8DC16F006D3723 /* Debug */,
				866A3A5C2E8DC16F006D3723 /* Release */,
			);
			defaultConfigurationIsVisible = 0;
			defaultConfigurationName = Release;
		};
		866A3A5F2E8DC16F006D3723 /* Build configuration list for PBXNativeTarget "CumberlandTests" */ = {
			isa = XCConfigurationList;
			buildConfigurations = (
				866A3A602E8DC16F006D3723 /* Debug */,
				866A3A612E8DC16F006D3723 /* Release */,
			);
			defaultConfigurationIsVisible = 0;
			defaultConfigurationName = Release;
		};
		866A3A622E8DC16F006D3723 /* Build configuration list for PBXNativeTarget "CumberlandUITests" */ = {
			isa = XCConfigurationList;
			buildConfigurations = (
				866A3A632E8DC16F006D3723 /* Debug */,
				866A3A642E8DC16F006D3723 /* Release */,
			);
			defaultConfigurationIsVisible = 0;
			defaultConfigurationName = Release;
		};
/* End XCConfigurationList section */

/* Begin XCSwiftPackageProductDependency section */
		86544A8D2EBE946F0083F9CC /* RealityKitContent */ = {
			isa = XCSwiftPackageProductDependency;
			productName = RealityKitContent;
		};
/* End XCSwiftPackageProductDependency section */
	};
	rootObject = 866A3A2E2E8DC16D006D3723 /* Project object */;
}
